#
# This file is autogenerated by pip-compile with Python 3.12
# by the following command:
#
#    pip-compile --output-file=requirements.lock requirements.txt
#
annotated-types==0.7.0
    # via pydantic
croniter==6.0.0
    # via -r requirements.txt
dnspython==2.8.0
    # via email-validator
email-validator==2.3.0
    # via pydantic
idna==3.11
    # via email-validator
pydantic[email]==2.12.5
    # via -r requirements.txt
pydantic-core==2.41.5
    # via pydantic
python-dateutil==2.9.0.post0
    # via croniter
pytz==2025.2
    # via croniter
pyyaml==6.0.3
    # via -r requirements.txt
six==1.17.0
    # via python-dateutil
tabulate==0.9.0
    # via -r requirements.txt
typing-extensions==4.15.0
    # via
    #   pydantic
    #   pydantic-core
    #   typing-inspection
typing-inspection==0.4.2
    # via pydantic
